
Microsoft Visual Studio Solution File, Format Version 12.00
Project("{FAE04EC0-301F-11D3-BF4B-00C04F79EFBC}") = "WebAPI", "WebAPI\WebAPI.csproj", "{605E9675-F254-4D94-8825-2BFA0C98D40D}"
EndProject
Project("{2150E333-8FDC-42A3-9474-1A3956D46DE8}") = "Solution Items", "Solution Items", "{433EC490-8F30-4424-8D5C-89EDA663F9C7}"
	ProjectSection(SolutionItems) = preProject
		docker-compose.yml = docker-compose.yml
	EndProjectSection
EndProject
Global
	GlobalSection(SolutionConfigurationPlatforms) = preSolution
		Debug|Any CPU = Debug|Any CPU
		Release|Any CPU = Release|Any CPU
	EndGlobalSection
	GlobalSection(ProjectConfigurationPlatforms) = postSolution
		{605E9675-F254-4D94-8825-2BFA0C98D40D}.Release|Any CPU.ActiveCfg = Release|Any CPU
		{605E9675-F254-4D94-8825-2BFA0C98D40D}.Release|Any CPU.Build.0 = Release|Any CPU
		{605E9675-F254-4D94-8825-2BFA0C98D40D}.Debug|Any CPU.ActiveCfg = Release|Any CPU
		{605E9675-F254-4D94-8825-2BFA0C98D40D}.Debug|Any CPU.Build.0 = Release|Any CPU
		{605E9675-F254-4D94-8825-2BFA0C98D40D}.Debug|Any CPU.Deploy.0 = Release|Any CPU
	EndGlobalSection
EndGlobal
